
Microsoft Visual Studio Solution File, Format Version 12.00
# Visual Studio 15
VisualStudioVersion = 15.0.26124.0
MinimumVisualStudioVersion = 15.0.26124.0
Project("{FAE04EC0-301F-11D3-BF4B-00C04F79EFBC}") = "Api.Domain", "Api.Domain\Api.Domain.csproj", "{3D745E56-16C5-4521-9CFF-D25D5E5D50E8}"
EndProject
Project("{FAE04EC0-301F-11D3-BF4B-00C04F79EFBC}") = "Api.Infrastructure", "Api.Infrastructure\Api.Infrastructure.csproj", "{B2E58EAB-8399-4919-B4C2-75E5A279AB8C}"
EndProject
Project("{FAE04EC0-301F-11D3-BF4B-00C04F79EFBC}") = "Api.Repository", "Api.Repository\Api.Repository.csproj", "{B98E236D-7520-43B2-ADA9-F14E477348C3}"
EndProject
Project("{FAE04EC0-301F-11D3-BF4B-00C04F79EFBC}") = "Api.Services", "Api.Services\Api.Services.csproj", "{B42B0C5A-4B7E-4A82-8635-E3482DC39623}"
EndProject
Project("{FAE04EC0-301F-11D3-BF4B-00C04F79EFBC}") = "Api.Web", "Api.Web\Api.Web.csproj", "{50E20E5A-6DCE-47DF-8DF6-A213D7F46D1F}"
EndProject
Project("{FAE04EC0-301F-11D3-BF4B-00C04F79EFBC}") = "Api.Tests", "Api.Tests\Api.Tests.csproj", "{40F58224-5224-4ABF-B6A8-FD4D621C142F}"
EndProject
Global
	GlobalSection(SolutionConfigurationPlatforms) = preSolution
		Debug|Any CPU = Debug|Any CPU
		Debug|x64 = Debug|x64
		Debug|x86 = Debug|x86
		Release|Any CPU = Release|Any CPU
		Release|x64 = Release|x64
		Release|x86 = Release|x86
	EndGlobalSection
	GlobalSection(SolutionProperties) = preSolution
		HideSolutionNode = FALSE
	EndGlobalSection
	GlobalSection(ProjectConfigurationPlatforms) = postSolution
		{3D745E56-16C5-4521-9CFF-D25D5E5D50E8}.Debug|Any CPU.ActiveCfg = Debug|Any CPU
		{3D745E56-16C5-4521-9CFF-D25D5E5D50E8}.Debug|Any CPU.Build.0 = Debug|Any CPU
		{3D745E56-16C5-4521-9CFF-D25D5E5D50E8}.Debug|x64.ActiveCfg = Debug|Any CPU
		{3D745E56-16C5-4521-9CFF-D25D5E5D50E8}.Debug|x64.Build.0 = Debug|Any CPU
		{3D745E56-16C5-4521-9CFF-D25D5E5D50E8}.Debug|x86.ActiveCfg = Debug|Any CPU
		{3D745E56-16C5-4521-9CFF-D25D5E5D50E8}.Debug|x86.Build.0 = Debug|Any CPU
		{3D745E56-16C5-4521-9CFF-D25D5E5D50E8}.Release|Any CPU.ActiveCfg = Release|Any CPU
		{3D745E56-16C5-4521-9CFF-D25D5E5D50E8}.Release|Any CPU.Build.0 = Release|Any CPU
		{3D745E56-16C5-4521-9CFF-D25D5E5D50E8}.Release|x64.ActiveCfg = Release|Any CPU
		{3D745E56-16C5-4521-9CFF-D25D5E5D50E8}.Release|x64.Build.0 = Release|Any CPU
		{3D745E56-16C5-4521-9CFF-D25D5E5D50E8}.Release|x86.ActiveCfg = Release|Any CPU
		{3D745E56-16C5-4521-9CFF-D25D5E5D50E8}.Release|x86.Build.0 = Release|Any CPU
		{B2E58EAB-8399-4919-B4C2-75E5A279AB8C}.Debug|Any CPU.ActiveCfg = Debug|Any CPU
		{B2E58EAB-8399-4919-B4C2-75E5A279AB8C}.Debug|Any CPU.Build.0 = Debug|Any CPU
		{B2E58EAB-8399-4919-B4C2-75E5A279AB8C}.Debug|x64.ActiveCfg = Debug|Any CPU
		{B2E58EAB-8399-4919-B4C2-75E5A279AB8C}.Debug|x64.Build.0 = Debug|Any CPU
		{B2E58EAB-8399-4919-B4C2-75E5A279AB8C}.Debug|x86.ActiveCfg = Debug|Any CPU
		{B2E58EAB-8399-4919-B4C2-75E5A279AB8C}.Debug|x86.Build.0 = Debug|Any CPU
		{B2E58EAB-8399-4919-B4C2-75E5A279AB8C}.Release|Any CPU.ActiveCfg = Release|Any CPU
		{B2E58EAB-8399-4919-B4C2-75E5A279AB8C}.Release|Any CPU.Build.0 = Release|Any CPU
		{B2E58EAB-8399-4919-B4C2-75E5A279AB8C}.Release|x64.ActiveCfg = Release|Any CPU
		{B2E58EAB-8399-4919-B4C2-75E5A279AB8C}.Release|x64.Build.0 = Release|Any CPU
		{B2E58EAB-8399-4919-B4C2-75E5A279AB8C}.Release|x86.ActiveCfg = Release|Any CPU
		{B2E58EAB-8399-4919-B4C2-75E5A279AB8C}.Release|x86.Build.0 = Release|Any CPU
		{B98E236D-7520-43B2-ADA9-F14E477348C3}.Debug|Any CPU.ActiveCfg = Debug|Any CPU
		{B98E236D-7520-43B2-ADA9-F14E477348C3}.Debug|Any CPU.Build.0 = Debug|Any CPU
		{B98E236D-7520-43B2-ADA9-F14E477348C3}.Debug|x64.ActiveCfg = Debug|Any CPU
		{B98E236D-7520-43B2-ADA9-F14E477348C3}.Debug|x64.Build.0 = Debug|Any CPU
		{B98E236D-7520-43B2-ADA9-F14E477348C3}.Debug|x86.ActiveCfg = Debug|Any CPU
		{B98E236D-7520-43B2-ADA9-F14E477348C3}.Debug|x86.Build.0 = Debug|Any CPU
		{B98E236D-7520-43B2-ADA9-F14E477348C3}.Release|Any CPU.ActiveCfg = Release|Any CPU
		{B98E236D-7520-43B2-ADA9-F14E477348C3}.Release|Any CPU.Build.0 = Release|Any CPU
		{B98E236D-7520-43B2-ADA9-F14E477348C3}.Release|x64.ActiveCfg = Release|Any CPU
		{B98E236D-7520-43B2-ADA9-F14E477348C3}.Release|x64.Build.0 = Release|Any CPU
		{B98E236D-7520-43B2-ADA9-F14E477348C3}.Release|x86.ActiveCfg = Release|Any CPU
		{B98E236D-7520-43B2-ADA9-F14E477348C3}.Release|x86.Build.0 = Release|Any CPU
		{B42B0C5A-4B7E-4A82-8635-E3482DC39623}.Debug|Any CPU.ActiveCfg = Debug|Any CPU
		{B42B0C5A-4B7E-4A82-8635-E3482DC39623}.Debug|Any CPU.Build.0 = Debug|Any CPU
		{B42B0C5A-4B7E-4A82-8635-E3482DC39623}.Debug|x64.ActiveCfg = Debug|Any CPU
		{B42B0C5A-4B7E-4A82-8635-E3482DC39623}.Debug|x64.Build.0 = Debug|Any CPU
		{B42B0C5A-4B7E-4A82-8635-E3482DC39623}.Debug|x86.ActiveCfg = Debug|Any CPU
		{B42B0C5A-4B7E-4A82-8635-E3482DC39623}.Debug|x86.Build.0 = Debug|Any CPU
		{B42B0C5A-4B7E-4A82-8635-E3482DC39623}.Release|Any CPU.ActiveCfg = Release|Any CPU
		{B42B0C5A-4B7E-4A82-8635-E3482DC39623}.Release|Any CPU.Build.0 = Release|Any CPU
		{B42B0C5A-4B7E-4A82-8635-E3482DC39623}.Release|x64.ActiveCfg = Release|Any CPU
		{B42B0C5A-4B7E-4A82-8635-E3482DC39623}.Release|x64.Build.0 = Release|Any CPU
		{B42B0C5A-4B7E-4A82-8635-E3482DC39623}.Release|x86.ActiveCfg = Release|Any CPU
		{B42B0C5A-4B7E-4A82-8635-E3482DC39623}.Release|x86.Build.0 = Release|Any CPU
		{50E20E5A-6DCE-47DF-8DF6-A213D7F46D1F}.Debug|Any CPU.ActiveCfg = Debug|Any CPU
		{50E20E5A-6DCE-47DF-8DF6-A213D7F46D1F}.Debug|Any CPU.Build.0 = Debug|Any CPU
		{50E20E5A-6DCE-47DF-8DF6-A213D7F46D1F}.Debug|x64.ActiveCfg = Debug|Any CPU
		{50E20E5A-6DCE-47DF-8DF6-A213D7F46D1F}.Debug|x64.Build.0 = Debug|Any CPU
		{50E20E5A-6DCE-47DF-8DF6-A213D7F46D1F}.Debug|x86.ActiveCfg = Debug|Any CPU
		{50E20E5A-6DCE-47DF-8DF6-A213D7F46D1F}.Debug|x86.Build.0 = Debug|Any CPU
		{50E20E5A-6DCE-47DF-8DF6-A213D7F46D1F}.Release|Any CPU.ActiveCfg = Release|Any CPU
		{50E20E5A-6DCE-47DF-8DF6-A213D7F46D1F}.Release|Any CPU.Build.0 = Release|Any CPU
		{50E20E5A-6DCE-47DF-8DF6-A213D7F46D1F}.Release|x64.ActiveCfg = Release|Any CPU
		{50E20E5A-6DCE-47DF-8DF6-A213D7F46D1F}.Release|x64.Build.0 = Release|Any CPU
		{50E20E5A-6DCE-47DF-8DF6-A213D7F46D1F}.Release|x86.ActiveCfg = Release|Any CPU
		{50E20E5A-6DCE-47DF-8DF6-A213D7F46D1F}.Release|x86.Build.0 = Release|Any CPU
		{40F58224-5224-4ABF-B6A8-FD4D621C142F}.Debug|Any CPU.ActiveCfg = Debug|Any CPU
		{40F58224-5224-4ABF-B6A8-FD4D621C142F}.Debug|Any CPU.Build.0 = Debug|Any CPU
		{40F58224-5224-4ABF-B6A8-FD4D621C142F}.Debug|x64.ActiveCfg = Debug|Any CPU
		{40F58224-5224-4ABF-B6A8-FD4D621C142F}.Debug|x64.Build.0 = Debug|Any CPU
		{40F58224-5224-4ABF-B6A8-FD4D621C142F}.Debug|x86.ActiveCfg = Debug|Any CPU
		{40F58224-5224-4ABF-B6A8-FD4D621C142F}.Debug|x86.Build.0 = Debug|Any CPU
		{40F58224-5224-4ABF-B6A8-FD4D621C142F}.Release|Any CPU.ActiveCfg = Release|Any CPU
		{40F58224-5224-4ABF-B6A8-FD4D621C142F}.Release|Any CPU.Build.0 = Release|Any CPU
		{40F58224-5224-4ABF-B6A8-FD4D621C142F}.Release|x64.ActiveCfg = Release|Any CPU
		{40F58224-5224-4ABF-B6A8-FD4D621C142F}.Release|x64.Build.0 = Release|Any CPU
		{40F58224-5224-4ABF-B6A8-FD4D621C142F}.Release|x86.ActiveCfg = Release|Any CPU
		{40F58224-5224-4ABF-B6A8-FD4D621C142F}.Release|x86.Build.0 = Release|Any CPU
	EndGlobalSection
EndGlobal
